
Microsoft Visual Studio Solution File, Format Version 12.00
# Visual Studio Version 16
VisualStudioVersion = 16.0.33927.289
MinimumVisualStudioVersion = 10.0.40219.1
Project("{2150E333-8FDC-42A3-9474-1A3956D46DE8}") = "Task0", "Task0", "{7D78B85D-604D-43D7-835D-FD2459BCA813}"
EndProject
Project("{FAE04EC0-301F-11D3-BF4B-00C04F79EFBC}") = "Tyuiu.PopkovSV.Sprint3.Task0.V26", "Tyuiu.PopkovSV.Sprint3.Task0.V26\Tyuiu.PopkovSV.Sprint3.Task0.V26.csproj", "{AE5B2919-591F-4F36-A2EC-1EB30E3E6E3C}"
EndProject
Project("{FAE04EC0-301F-11D3-BF4B-00C04F79EFBC}") = "Tyuiu.PopkovSV.Sprint3.Task0.V26.Lib", "Tyuiu.PopkovSV.Sprint3.Task0.V26.Lib\Tyuiu.PopkovSV.Sprint3.Task0.V26.Lib.csproj", "{BBD83171-6D10-4304-92AB-9D8564B0F464}"
EndProject
Project("{FAE04EC0-301F-11D3-BF4B-00C04F79EFBC}") = "Tyuiu.PopkovSV.Sprint3.Task0.V26.Test", "Tyuiu.PopkovSV.Sprint3.Task0.V26.Test\Tyuiu.PopkovSV.Sprint3.Task0.V26.Test.csproj", "{450F45EE-4D8C-4796-AF3A-1736B9B6A9D1}"
EndProject
Project("{2150E333-8FDC-42A3-9474-1A3956D46DE8}") = "Task1", "Task1", "{E5A2F69B-0670-4155-878B-51CF7EC3E472}"
EndProject
Project("{FAE04EC0-301F-11D3-BF4B-00C04F79EFBC}") = "Tyuiu.PopkovSV.Sprint3.Task1.V15", "Tyuiu.PopkovSV.Sprint3.Task1.V15\Tyuiu.PopkovSV.Sprint3.Task1.V15.csproj", "{B25886F4-06AE-47A6-A212-024708714EA6}"
EndProject
Project("{FAE04EC0-301F-11D3-BF4B-00C04F79EFBC}") = "Tyuiu.PopkovSV.Sprint3.Task1.V15.Lib", "Tyuiu.PopkovSV.Sprint3.Task1.V15.Lib\Tyuiu.PopkovSV.Sprint3.Task1.V15.Lib.csproj", "{BA8D12AD-7A76-429D-936D-E79B12609DFE}"
EndProject
Project("{FAE04EC0-301F-11D3-BF4B-00C04F79EFBC}") = "Tyuiu.PopkovSV.Sprint3.Task1.V15.Test", "Tyuiu.PopkovSV.Sprint3.Task1.V15.Test\Tyuiu.PopkovSV.Sprint3.Task1.V15.Test.csproj", "{DB8F12EA-7E62-46B6-9232-F9CB3B6529D4}"
EndProject
Project("{2150E333-8FDC-42A3-9474-1A3956D46DE8}") = "Task2", "Task2", "{99E8B846-EC41-436C-BD89-A12566AFC96A}"
EndProject
Project("{FAE04EC0-301F-11D3-BF4B-00C04F79EFBC}") = "Tyuiu.PopkovSV.Sprint3.Task2.V11", "Tyuiu.PopkovSV.Sprint3.Task2.V11\Tyuiu.PopkovSV.Sprint3.Task2.V11.csproj", "{03BDF47F-66E1-4778-BAD2-76CD6D9BEACB}"
EndProject
Project("{FAE04EC0-301F-11D3-BF4B-00C04F79EFBC}") = "Tyuiu.PopkovSV.Sprint3.Task2.V11.Lib", "Tyuiu.PopkovSV.Sprint3.Task2.V11.Lib\Tyuiu.PopkovSV.Sprint3.Task2.V11.Lib.csproj", "{F3CEB260-4BA9-43CB-948E-C95B1A7B8E44}"
EndProject
Project("{FAE04EC0-301F-11D3-BF4B-00C04F79EFBC}") = "Tyuiu.PopkovSV.Sprint3.Task2.V11.Test", "Tyuiu.PopkovSV.Sprint3.Task2.V11.Test\Tyuiu.PopkovSV.Sprint3.Task2.V11.Test.csproj", "{769A2B5B-BA7C-4363-BC9E-0EB91EB8264B}"
EndProject
Global
	GlobalSection(SolutionConfigurationPlatforms) = preSolution
		Debug|Any CPU = Debug|Any CPU
		Release|Any CPU = Release|Any CPU
	EndGlobalSection
	GlobalSection(ProjectConfigurationPlatforms) = postSolution
		{AE5B2919-591F-4F36-A2EC-1EB30E3E6E3C}.Debug|Any CPU.ActiveCfg = Debug|Any CPU
		{AE5B2919-591F-4F36-A2EC-1EB30E3E6E3C}.Debug|Any CPU.Build.0 = Debug|Any CPU
		{AE5B2919-591F-4F36-A2EC-1EB30E3E6E3C}.Release|Any CPU.ActiveCfg = Release|Any CPU
		{AE5B2919-591F-4F36-A2EC-1EB30E3E6E3C}.Release|Any CPU.Build.0 = Release|Any CPU
		{BBD83171-6D10-4304-92AB-9D8564B0F464}.Debug|Any CPU.ActiveCfg = Debug|Any CPU
		{BBD83171-6D10-4304-92AB-9D8564B0F464}.Debug|Any CPU.Build.0 = Debug|Any CPU
		{BBD83171-6D10-4304-92AB-9D8564B0F464}.Release|Any CPU.ActiveCfg = Release|Any CPU
		{BBD83171-6D10-4304-92AB-9D8564B0F464}.Release|Any CPU.Build.0 = Release|Any CPU
		{450F45EE-4D8C-4796-AF3A-1736B9B6A9D1}.Debug|Any CPU.ActiveCfg = Debug|Any CPU
		{450F45EE-4D8C-4796-AF3A-1736B9B6A9D1}.Debug|Any CPU.Build.0 = Debug|Any CPU
		{450F45EE-4D8C-4796-AF3A-1736B9B6A9D1}.Release|Any CPU.ActiveCfg = Release|Any CPU
		{450F45EE-4D8C-4796-AF3A-1736B9B6A9D1}.Release|Any CPU.Build.0 = Release|Any CPU
		{B25886F4-06AE-47A6-A212-024708714EA6}.Debug|Any CPU.ActiveCfg = Debug|Any CPU
		{B25886F4-06AE-47A6-A212-024708714EA6}.Debug|Any CPU.Build.0 = Debug|Any CPU
		{B25886F4-06AE-47A6-A212-024708714EA6}.Release|Any CPU.ActiveCfg = Release|Any CPU
		{B25886F4-06AE-47A6-A212-024708714EA6}.Release|Any CPU.Build.0 = Release|Any CPU
		{BA8D12AD-7A76-429D-936D-E79B12609DFE}.Debug|Any CPU.ActiveCfg = Debug|Any CPU
		{BA8D12AD-7A76-429D-936D-E79B12609DFE}.Debug|Any CPU.Build.0 = Debug|Any CPU
		{BA8D12AD-7A76-429D-936D-E79B12609DFE}.Release|Any CPU.ActiveCfg = Release|Any CPU
		{BA8D12AD-7A76-429D-936D-E79B12609DFE}.Release|Any CPU.Build.0 = Release|Any CPU
		{DB8F12EA-7E62-46B6-9232-F9CB3B6529D4}.Debug|Any CPU.ActiveCfg = Debug|Any CPU
		{DB8F12EA-7E62-46B6-9232-F9CB3B6529D4}.Debug|Any CPU.Build.0 = Debug|Any CPU
		{DB8F12EA-7E62-46B6-9232-F9CB3B6529D4}.Release|Any CPU.ActiveCfg = Release|Any CPU
		{DB8F12EA-7E62-46B6-9232-F9CB3B6529D4}.Release|Any CPU.Build.0 = Release|Any CPU
		{03BDF47F-66E1-4778-BAD2-76CD6D9BEACB}.Debug|Any CPU.ActiveCfg = Debug|Any CPU
		{03BDF47F-66E1-4778-BAD2-76CD6D9BEACB}.Debug|Any CPU.Build.0 = Debug|Any CPU
		{03BDF47F-66E1-4778-BAD2-76CD6D9BEACB}.Release|Any CPU.ActiveCfg = Release|Any CPU
		{03BDF47F-66E1-4778-BAD2-76CD6D9BEACB}.Release|Any CPU.Build.0 = Release|Any CPU
		{F3CEB260-4BA9-43CB-948E-C95B1A7B8E44}.Debug|Any CPU.ActiveCfg = Debug|Any CPU
		{F3CEB260-4BA9-43CB-948E-C95B1A7B8E44}.Debug|Any CPU.Build.0 = Debug|Any CPU
		{F3CEB260-4BA9-43CB-948E-C95B1A7B8E44}.Release|Any CPU.ActiveCfg = Release|Any CPU
		{F3CEB260-4BA9-43CB-948E-C95B1A7B8E44}.Release|Any CPU.Build.0 = Release|Any CPU
		{769A2B5B-BA7C-4363-BC9E-0EB91EB8264B}.Debug|Any CPU.ActiveCfg = Debug|Any CPU
		{769A2B5B-BA7C-4363-BC9E-0EB91EB8264B}.Debug|Any CPU.Build.0 = Debug|Any CPU
		{769A2B5B-BA7C-4363-BC9E-0EB91EB8264B}.Release|Any CPU.ActiveCfg = Release|Any CPU
		{769A2B5B-BA7C-4363-BC9E-0EB91EB8264B}.Release|Any CPU.Build.0 = Release|Any CPU
	EndGlobalSection
	GlobalSection(SolutionProperties) = preSolution
		HideSolutionNode = FALSE
	EndGlobalSection
	GlobalSection(NestedProjects) = preSolution
		{AE5B2919-591F-4F36-A2EC-1EB30E3E6E3C} = {7D78B85D-604D-43D7-835D-FD2459BCA813}
		{BBD83171-6D10-4304-92AB-9D8564B0F464} = {7D78B85D-604D-43D7-835D-FD2459BCA813}
		{450F45EE-4D8C-4796-AF3A-1736B9B6A9D1} = {7D78B85D-604D-43D7-835D-FD2459BCA813}
		{B25886F4-06AE-47A6-A212-024708714EA6} = {E5A2F69B-0670-4155-878B-51CF7EC3E472}
		{BA8D12AD-7A76-429D-936D-E79B12609DFE} = {E5A2F69B-0670-4155-878B-51CF7EC3E472}
		{DB8F12EA-7E62-46B6-9232-F9CB3B6529D4} = {E5A2F69B-0670-4155-878B-51CF7EC3E472}
		{03BDF47F-66E1-4778-BAD2-76CD6D9BEACB} = {99E8B846-EC41-436C-BD89-A12566AFC96A}
		{F3CEB260-4BA9-43CB-948E-C95B1A7B8E44} = {99E8B846-EC41-436C-BD89-A12566AFC96A}
		{769A2B5B-BA7C-4363-BC9E-0EB91EB8264B} = {99E8B846-EC41-436C-BD89-A12566AFC96A}
	EndGlobalSection
	GlobalSection(ExtensibilityGlobals) = postSolution
		SolutionGuid = {C0A1E08B-5EC4-45F8-824A-0A222B5E3301}
	EndGlobalSection
EndGlobal
